// !$*UTF8*$!
{
	archiveVersion = 1;
	classes = {
	};
	objectVersion = 51;
	objects = {

/* Begin PBXBuildFile section */
		5315465126C2BC4F006059EC /* GoogleService-Info.plist in Resources */ = {isa = PBXBuildFile; fileRef = 5315465026C2BC4F006059EC /* GoogleService-Info.plist */; };
		5315465326C2C22E006059EC /* HomeController.swift in Sources */ = {isa = PBXBuildFile; fileRef = 5315465226C2C22E006059EC /* HomeController.swift */; };
		53332BB926C1565300F3A988 /* AppDelegate.swift in Sources */ = {isa = PBXBuildFile; fileRef = 53332BB826C1565300F3A988 /* AppDelegate.swift */; };
		53332BBB26C1565300F3A988 /* SceneDelegate.swift in Sources */ = {isa = PBXBuildFile; fileRef = 53332BBA26C1565300F3A988 /* SceneDelegate.swift */; };
		53332BC026C1565300F3A988 /* Main.storyboard in Resources */ = {isa = PBXBuildFile; fileRef = 53332BBE26C1565300F3A988 /* Main.storyboard */; };
		53332BC226C1565500F3A988 /* Assets.xcassets in Resources */ = {isa = PBXBuildFile; fileRef = 53332BC126C1565500F3A988 /* Assets.xcassets */; };
		53332BC526C1565500F3A988 /* LaunchScreen.storyboard in Resources */ = {isa = PBXBuildFile; fileRef = 53332BC326C1565500F3A988 /* LaunchScreen.storyboard */; };
		53332BD226C1571300F3A988 /* LoginController.swift in Sources */ = {isa = PBXBuildFile; fileRef = 53332BD126C1571300F3A988 /* LoginController.swift */; };
		53332BD426C15AFA00F3A988 /* Extensions.swift in Sources */ = {isa = PBXBuildFile; fileRef = 53332BD326C15AFA00F3A988 /* Extensions.swift */; };
		53332BD626C17DA600F3A988 /* SignUpController.swift in Sources */ = {isa = PBXBuildFile; fileRef = 53332BD526C17DA600F3A988 /* SignUpController.swift */; };
		53332BD826C1851900F3A988 /* AuthButton.swift in Sources */ = {isa = PBXBuildFile; fileRef = 53332BD726C1851900F3A988 /* AuthButton.swift */; };
		F947765E3B1394E5A23D62A3 /* Pods_UberClone.framework in Frameworks */ = {isa = PBXBuildFile; fileRef = 27151BEB209FC020F3473681 /* Pods_UberClone.framework */; };
/* End PBXBuildFile section */

/* Begin PBXFileReference section */
		27151BEB209FC020F3473681 /* Pods_UberClone.framework */ = {isa = PBXFileReference; explicitFileType = wrapper.framework; includeInIndex = 0; path = Pods_UberClone.framework; sourceTree = BUILT_PRODUCTS_DIR; };
		5315465026C2BC4F006059EC /* GoogleService-Info.plist */ = {isa = PBXFileReference; fileEncoding = 4; lastKnownFileType = text.plist.xml; path = "GoogleService-Info.plist"; sourceTree = "<group>"; };
		5315465226C2C22E006059EC /* HomeController.swift */ = {isa = PBXFileReference; lastKnownFileType = sourcecode.swift; path = HomeController.swift; sourceTree = "<group>"; };
		53332BB526C1565300F3A988 /* UberClone.app */ = {isa = PBXFileReference; explicitFileType = wrapper.application; includeInIndex = 0; path = UberClone.app; sourceTree = BUILT_PRODUCTS_DIR; };
		53332BB826C1565300F3A988 /* AppDelegate.swift */ = {isa = PBXFileReference; lastKnownFileType = sourcecode.swift; path = AppDelegate.swift; sourceTree = "<group>"; };
		53332BBA26C1565300F3A988 /* SceneDelegate.swift */ = {isa = PBXFileReference; lastKnownFileType = sourcecode.swift; path = SceneDelegate.swift; sourceTree = "<group>"; };
		53332BBF26C1565300F3A988 /* Base */ = {isa = PBXFileReference; lastKnownFileType = file.storyboard; name = Base; path = Base.lproj/Main.storyboard; sourceTree = "<group>"; };
		53332BC126C1565500F3A988 /* Assets.xcassets */ = {isa = PBXFileReference; lastKnownFileType = folder.assetcatalog; path = Assets.xcassets; sourceTree = "<group>"; };
		53332BC426C1565500F3A988 /* Base */ = {isa = PBXFileReference; lastKnownFileType = file.storyboard; name = Base; path = Base.lproj/LaunchScreen.storyboard; sourceTree = "<group>"; };
		53332BC626C1565500F3A988 /* Info.plist */ = {isa = PBXFileReference; lastKnownFileType = text.plist.xml; path = Info.plist; sourceTree = "<group>"; };
		53332BD126C1571300F3A988 /* LoginController.swift */ = {isa = PBXFileReference; lastKnownFileType = sourcecode.swift; path = LoginController.swift; sourceTree = "<group>"; };
		53332BD326C15AFA00F3A988 /* Extensions.swift */ = {isa = PBXFileReference; lastKnownFileType = sourcecode.swift; path = Extensions.swift; sourceTree = "<group>"; };
		53332BD526C17DA600F3A988 /* SignUpController.swift */ = {isa = PBXFileReference; lastKnownFileType = sourcecode.swift; path = SignUpController.swift; sourceTree = "<group>"; };
		53332BD726C1851900F3A988 /* AuthButton.swift */ = {isa = PBXFileReference; lastKnownFileType = sourcecode.swift; path = AuthButton.swift; sourceTree = "<group>"; };
		7D2E9D3DB152133728F5B905 /* Pods-UberClone.release.xcconfig */ = {isa = PBXFileReference; includeInIndex = 1; lastKnownFileType = text.xcconfig; name = "Pods-UberClone.release.xcconfig"; path = "Target Support Files/Pods-UberClone/Pods-UberClone.release.xcconfig"; sourceTree = "<group>"; };
		E1AF91D9748E8D9779ABF383 /* Pods-UberClone.debug.xcconfig */ = {isa = PBXFileReference; includeInIndex = 1; lastKnownFileType = text.xcconfig; name = "Pods-UberClone.debug.xcconfig"; path = "Target Support Files/Pods-UberClone/Pods-UberClone.debug.xcconfig"; sourceTree = "<group>"; };
/* End PBXFileReference section */

/* Begin PBXFrameworksBuildPhase section */
		53332BB226C1565300F3A988 /* Frameworks */ = {
			isa = PBXFrameworksBuildPhase;
			buildActionMask = 2147483647;
			files = (
				F947765E3B1394E5A23D62A3 /* Pods_UberClone.framework in Frameworks */,
			);
			runOnlyForDeploymentPostprocessing = 0;
		};
/* End PBXFrameworksBuildPhase section */

/* Begin PBXGroup section */
		53332BAC26C1565300F3A988 = {
			isa = PBXGroup;
			children = (
				53332BB726C1565300F3A988 /* UberClone */,
				53332BB626C1565300F3A988 /* Products */,
				6C1E5F59D6DC50BBD2973289 /* Pods */,
				DD1E1AFFB97FEB59F2E40B4B /* Frameworks */,
			);
			sourceTree = "<group>";
		};
		53332BB626C1565300F3A988 /* Products */ = {
			isa = PBXGroup;
			children = (
				53332BB526C1565300F3A988 /* UberClone.app */,
			);
			name = Products;
			sourceTree = "<group>";
		};
		53332BB726C1565300F3A988 /* UberClone */ = {
			isa = PBXGroup;
			children = (
				53332BCC26C1568600F3A988 /* Model */,
				53332BCD26C1568B00F3A988 /* View */,
				53332BCE26C1569000F3A988 /* Controller */,
				53332BCF26C1569500F3A988 /* Services */,
				53332BD026C1569B00F3A988 /* Utils */,
				53332BB826C1565300F3A988 /* AppDelegate.swift */,
				53332BBA26C1565300F3A988 /* SceneDelegate.swift */,
				5315465026C2BC4F006059EC /* GoogleService-Info.plist */,
				53332BBE26C1565300F3A988 /* Main.storyboard */,
				53332BC126C1565500F3A988 /* Assets.xcassets */,
				53332BC326C1565500F3A988 /* LaunchScreen.storyboard */,
				53332BC626C1565500F3A988 /* Info.plist */,
			);
			path = UberClone;
			sourceTree = "<group>";
		};
		53332BCC26C1568600F3A988 /* Model */ = {
			isa = PBXGroup;
			children = (
			);
			path = Model;
			sourceTree = "<group>";
		};
		53332BCD26C1568B00F3A988 /* View */ = {
			isa = PBXGroup;
			children = (
				53332BD726C1851900F3A988 /* AuthButton.swift */,
			);
			path = View;
			sourceTree = "<group>";
		};
		53332BCE26C1569000F3A988 /* Controller */ = {
			isa = PBXGroup;
			children = (
				53332BD126C1571300F3A988 /* LoginController.swift */,
				53332BD526C17DA600F3A988 /* SignUpController.swift */,
				5315465226C2C22E006059EC /* HomeController.swift */,
			);
			path = Controller;
			sourceTree = "<group>";
		};
		53332BCF26C1569500F3A988 /* Services */ = {
			isa = PBXGroup;
			children = (
			);
			path = Services;
			sourceTree = "<group>";
		};
		53332BD026C1569B00F3A988 /* Utils */ = {
			isa = PBXGroup;
			children = (
				53332BD326C15AFA00F3A988 /* Extensions.swift */,
			);
			path = Utils;
			sourceTree = "<group>";
		};
		6C1E5F59D6DC50BBD2973289 /* Pods */ = {
			isa = PBXGroup;
			children = (
				E1AF91D9748E8D9779ABF383 /* Pods-UberClone.debug.xcconfig */,
				7D2E9D3DB152133728F5B905 /* Pods-UberClone.release.xcconfig */,
			);
			path = Pods;
			sourceTree = "<group>";
		};
		DD1E1AFFB97FEB59F2E40B4B /* Frameworks */ = {
			isa = PBXGroup;
			children = (
				27151BEB209FC020F3473681 /* Pods_UberClone.framework */,
			);
			name = Frameworks;
			sourceTree = "<group>";
		};
/* End PBXGroup section */

/* Begin PBXNativeTarget section */
		53332BB426C1565300F3A988 /* UberClone */ = {
			isa = PBXNativeTarget;
			buildConfigurationList = 53332BC926C1565500F3A988 /* Build configuration list for PBXNativeTarget "UberClone" */;
			buildPhases = (
				06716B5FAE3DB82D94DBE9EA /* [CP] Check Pods Manifest.lock */,
				53332BB126C1565300F3A988 /* Sources */,
				53332BB226C1565300F3A988 /* Frameworks */,
				53332BB326C1565300F3A988 /* Resources */,
				22BE81397946090A59B453B7 /* [CP] Embed Pods Frameworks */,
			);
			buildRules = (
			);
			dependencies = (
			);
			name = UberClone;
			productName = UberClone;
			productReference = 53332BB526C1565300F3A988 /* UberClone.app */;
			productType = "com.apple.product-type.application";
		};
/* End PBXNativeTarget section */

/* Begin PBXProject section */
		53332BAD26C1565300F3A988 /* Project object */ = {
			isa = PBXProject;
			attributes = {
				LastSwiftUpdateCheck = 1250;
				LastUpgradeCheck = 1250;
				TargetAttributes = {
					53332BB426C1565300F3A988 = {
						CreatedOnToolsVersion = 12.5;
					};
				};
			};
			buildConfigurationList = 53332BB026C1565300F3A988 /* Build configuration list for PBXProject "UberClone" */;
			compatibilityVersion = "Xcode 9.3";
			developmentRegion = en;
			hasScannedForEncodings = 0;
			knownRegions = (
				en,
				Base,
			);
			mainGroup = 53332BAC26C1565300F3A988;
			productRefGroup = 53332BB626C1565300F3A988 /* Products */;
			projectDirPath = "";
			projectRoot = "";
			targets = (
				53332BB426C1565300F3A988 /* UberClone */,
			);
		};
/* End PBXProject section */

/* Begin PBXResourcesBuildPhase section */
		53332BB326C1565300F3A988 /* Resources */ = {
			isa = PBXResourcesBuildPhase;
			buildActionMask = 2147483647;
			files = (
				53332BC526C1565500F3A988 /* LaunchScreen.storyboard in Resources */,
				5315465126C2BC4F006059EC /* GoogleService-Info.plist in Resources */,
				53332BC226C1565500F3A988 /* Assets.xcassets in Resources */,
				53332BC026C1565300F3A988 /* Main.storyboard in Resources */,
			);
			runOnlyForDeploymentPostprocessing = 0;
		};
/* End PBXResourcesBuildPhase section */

/* Begin PBXShellScriptBuildPhase section */
		06716B5FAE3DB82D94DBE9EA /* [CP] Check Pods Manifest.lock */ = {
			isa = PBXShellScriptBuildPhase;
			buildActionMask = 2147483647;
			files = (
			);
			inputFileListPaths = (
			);
			inputPaths = (
				"${PODS_PODFILE_DIR_PATH}/Podfile.lock",
				"${PODS_ROOT}/Manifest.lock",
			);
			name = "[CP] Check Pods Manifest.lock";
			outputFileListPaths = (
			);
			outputPaths = (
				"$(DERIVED_FILE_DIR)/Pods-UberClone-checkManifestLockResult.txt",
			);
			runOnlyForDeploymentPostprocessing = 0;
			shellPath = /bin/sh;
			shellScript = "diff \"${PODS_PODFILE_DIR_PATH}/Podfile.lock\" \"${PODS_ROOT}/Manifest.lock\" > /dev/null\nif [ $? != 0 ] ; then\n    # print error to STDERR\n    echo \"error: The sandbox is not in sync with the Podfile.lock. Run 'pod install' or update your CocoaPods installation.\" >&2\n    exit 1\nfi\n# This output is used by Xcode 'outputs' to avoid re-running this script phase.\necho \"SUCCESS\" > \"${SCRIPT_OUTPUT_FILE_0}\"\n";
			showEnvVarsInLog = 0;
		};
		22BE81397946090A59B453B7 /* [CP] Embed Pods Frameworks */ = {
			isa = PBXShellScriptBuildPhase;
			buildActionMask = 2147483647;
			files = (
			);
			inputFileListPaths = (
				"${PODS_ROOT}/Target Support Files/Pods-UberClone/Pods-UberClone-frameworks-${CONFIGURATION}-input-files.xcfilelist",
			);
			name = "[CP] Embed Pods Frameworks";
			outputFileListPaths = (
				"${PODS_ROOT}/Target Support Files/Pods-UberClone/Pods-UberClone-frameworks-${CONFIGURATION}-output-files.xcfilelist",
			);
			runOnlyForDeploymentPostprocessing = 0;
			shellPath = /bin/sh;
			shellScript = "\"${PODS_ROOT}/Target Support Files/Pods-UberClone/Pods-UberClone-frameworks.sh\"\n";
			showEnvVarsInLog = 0;
		};
/* End PBXShellScriptBuildPhase section */

/* Begin PBXSourcesBuildPhase section */
		53332BB126C1565300F3A988 /* Sources */ = {
			isa = PBXSourcesBuildPhase;
			buildActionMask = 2147483647;
			files = (
				53332BB926C1565300F3A988 /* AppDelegate.swift in Sources */,
				53332BD826C1851900F3A988 /* AuthButton.swift in Sources */,
				5315465326C2C22E006059EC /* HomeController.swift in Sources */,
				53332BD226C1571300F3A988 /* LoginController.swift in Sources */,
				53332BBB26C1565300F3A988 /* SceneDelegate.swift in Sources */,
				53332BD626C17DA600F3A988 /* SignUpController.swift in Sources */,
				53332BD426C15AFA00F3A988 /* Extensions.swift in Sources */,
			);
			runOnlyForDeploymentPostprocessing = 0;
		};
/* End PBXSourcesBuildPhase section */

/* Begin PBXVariantGroup section */
		53332BBE26C1565300F3A988 /* Main.storyboard */ = {
			isa = PBXVariantGroup;
			children = (
				53332BBF26C1565300F3A988 /* Base */,
			);
			name = Main.storyboard;
			sourceTree = "<group>";
		};
		53332BC326C1565500F3A988 /* LaunchScreen.storyboard */ = {
			isa = PBXVariantGroup;
			children = (
				53332BC426C1565500F3A988 /* Base */,
			);
			name = LaunchScreen.storyboard;
			sourceTree = "<group>";
		};
/* End PBXVariantGroup section */

/* Begin XCBuildConfiguration section */
		53332BC726C1565500F3A988 /* Debug */ = {
			isa = XCBuildConfiguration;
			buildSettings = {
				ALWAYS_SEARCH_USER_PATHS = NO;
				CLANG_ANALYZER_NONNULL = YES;
				CLANG_ANALYZER_NUMBER_OBJECT_CONVERSION = YES_AGGRESSIVE;
				CLANG_CXX_LANGUAGE_STANDARD = "gnu++14";
				CLANG_CXX_LIBRARY = "libc++";
				CLANG_ENABLE_MODULES = YES;
				CLANG_ENABLE_OBJC_ARC = YES;
				CLANG_ENABLE_OBJC_WEAK = YES;
				CLANG_WARN_BLOCK_CAPTURE_AUTORELEASING = YES;
				CLANG_WARN_BOOL_CONVERSION = YES;
				CLANG_WARN_COMMA = YES;
				CLANG_WARN_CONSTANT_CONVERSION = YES;
				CLANG_WARN_DEPRECATED_OBJC_IMPLEMENTATIONS = YES;
				CLANG_WARN_DIRECT_OBJC_ISA_USAGE = YES_ERROR;
				CLANG_WARN_DOCUMENTATION_COMMENTS = YES;
				CLANG_WARN_EMPTY_BODY = YES;
				CLANG_WARN_ENUM_CONVERSION = YES;
				CLANG_WARN_INFINITE_RECURSION = YES;
				CLANG_WARN_INT_CONVERSION = YES;
				CLANG_WARN_NON_LITERAL_NULL_CONVERSION = YES;
				CLANG_WARN_OBJC_IMPLICIT_RETAIN_SELF = YES;
				CLANG_WARN_OBJC_LITERAL_CONVERSION = YES;
				CLANG_WARN_OBJC_ROOT_CLASS = YES_ERROR;
				CLANG_WARN_QUOTED_INCLUDE_IN_FRAMEWORK_HEADER = YES;
				CLANG_WARN_RANGE_LOOP_ANALYSIS = YES;
				CLANG_WARN_STRICT_PROTOTYPES = YES;
				CLANG_WARN_SUSPICIOUS_MOVE = YES;
				CLANG_WARN_UNGUARDED_AVAILABILITY = YES_AGGRESSIVE;
				CLANG_WARN_UNREACHABLE_CODE = YES;
				CLANG_WARN__DUPLICATE_METHOD_MATCH = YES;
				COPY_PHASE_STRIP = NO;
				DEBUG_INFORMATION_FORMAT = dwarf;
				ENABLE_STRICT_OBJC_MSGSEND = YES;
				ENABLE_TESTABILITY = YES;
				GCC_C_LANGUAGE_STANDARD = gnu11;
				GCC_DYNAMIC_NO_PIC = NO;
				GCC_NO_COMMON_BLOCKS = YES;
				GCC_OPTIMIZATION_LEVEL = 0;
				GCC_PREPROCESSOR_DEFINITIONS = (
					"DEBUG=1",
					"$(inherited)",
				);
				GCC_WARN_64_TO_32_BIT_CONVERSION = YES;
				GCC_WARN_ABOUT_RETURN_TYPE = YES_ERROR;
				GCC_WARN_UNDECLARED_SELECTOR = YES;
				GCC_WARN_UNINITIALIZED_AUTOS = YES_AGGRESSIVE;
				GCC_WARN_UNUSED_FUNCTION = YES;
				GCC_WARN_UNUSED_VARIABLE = YES;
				IPHONEOS_DEPLOYMENT_TARGET = 14.5;
				MTL_ENABLE_DEBUG_INFO = INCLUDE_SOURCE;
				MTL_FAST_MATH = YES;
				ONLY_ACTIVE_ARCH = YES;
				SDKROOT = iphoneos;
				SWIFT_ACTIVE_COMPILATION_CONDITIONS = DEBUG;
				SWIFT_OPTIMIZATION_LEVEL = "-Onone";
			};
			name = Debug;
		};
		53332BC826C1565500F3A988 /* Release */ = {
			isa = XCBuildConfiguration;
			buildSettings = {
				ALWAYS_SEARCH_USER_PATHS = NO;
				CLANG_ANALYZER_NONNULL = YES;
				CLANG_ANALYZER_NUMBER_OBJECT_CONVERSION = YES_AGGRESSIVE;
				CLANG_CXX_LANGUAGE_STANDARD = "gnu++14";
				CLANG_CXX_LIBRARY = "libc++";
				CLANG_ENABLE_MODULES = YES;
				CLANG_ENABLE_OBJC_ARC = YES;
				CLANG_ENABLE_OBJC_WEAK = YES;
				CLANG_WARN_BLOCK_CAPTURE_AUTORELEASING = YES;
				CLANG_WARN_BOOL_CONVERSION = YES;
				CLANG_WARN_COMMA = YES;
				CLANG_WARN_CONSTANT_CONVERSION = YES;
				CLANG_WARN_DEPRECATED_OBJC_IMPLEMENTATIONS = YES;
				CLANG_WARN_DIRECT_OBJC_ISA_USAGE = YES_ERROR;
				CLANG_WARN_DOCUMENTATION_COMMENTS = YES;
				CLANG_WARN_EMPTY_BODY = YES;
				CLANG_WARN_ENUM_CONVERSION = YES;
				CLANG_WARN_INFINITE_RECURSION = YES;
				CLANG_WARN_INT_CONVERSION = YES;
				CLANG_WARN_NON_LITERAL_NULL_CONVERSION = YES;
				CLANG_WARN_OBJC_IMPLICIT_RETAIN_SELF = YES;
				CLANG_WARN_OBJC_LITERAL_CONVERSION = YES;
				CLANG_WARN_OBJC_ROOT_CLASS = YES_ERROR;
				CLANG_WARN_QUOTED_INCLUDE_IN_FRAMEWORK_HEADER = YES;
				CLANG_WARN_RANGE_LOOP_ANALYSIS = YES;
				CLANG_WARN_STRICT_PROTOTYPES = YES;
				CLANG_WARN_SUSPICIOUS_MOVE = YES;
				CLANG_WARN_UNGUARDED_AVAILABILITY = YES_AGGRESSIVE;
				CLANG_WARN_UNREACHABLE_CODE = YES;
				CLANG_WARN__DUPLICATE_METHOD_MATCH = YES;
				COPY_PHASE_STRIP = NO;
				DEBUG_INFORMATION_FORMAT = "dwarf-with-dsym";
				ENABLE_NS_ASSERTIONS = NO;
				ENABLE_STRICT_OBJC_MSGSEND = YES;
				GCC_C_LANGUAGE_STANDARD = gnu11;
				GCC_NO_COMMON_BLOCKS = YES;
				GCC_WARN_64_TO_32_BIT_CONVERSION = YES;
				GCC_WARN_ABOUT_RETURN_TYPE = YES_ERROR;
				GCC_WARN_UNDECLARED_SELECTOR = YES;
				GCC_WARN_UNINITIALIZED_AUTOS = YES_AGGRESSIVE;
				GCC_WARN_UNUSED_FUNCTION = YES;
				GCC_WARN_UNUSED_VARIABLE = YES;
				IPHONEOS_DEPLOYMENT_TARGET = 14.5;
				MTL_ENABLE_DEBUG_INFO = NO;
				MTL_FAST_MATH = YES;
				SDKROOT = iphoneos;
				SWIFT_COMPILATION_MODE = wholemodule;
				SWIFT_OPTIMIZATION_LEVEL = "-O";
				VALIDATE_PRODUCT = YES;
			};
			name = Release;
		};
		53332BCA26C1565500F3A988 /* Debug */ = {
			isa = XCBuildConfiguration;
			baseConfigurationReference = E1AF91D9748E8D9779ABF383 /* Pods-UberClone.debug.xcconfig */;
			buildSettings = {
				ASSETCATALOG_COMPILER_APPICON_NAME = AppIcon;
				ASSETCATALOG_COMPILER_GLOBAL_ACCENT_COLOR_NAME = AccentColor;
				CODE_SIGN_STYLE = Automatic;
				DEVELOPMENT_TEAM = GR6GC7JSQ5;
				INFOPLIST_FILE = UberClone/Info.plist;
				LD_RUNPATH_SEARCH_PATHS = (
					"$(inherited)",
					"@executable_path/Frameworks",
				);
				PRODUCT_BUNDLE_IDENTIFIER = ru.svi.UberClone;
				PRODUCT_NAME = "$(TARGET_NAME)";
				SWIFT_VERSION = 5.0;
				TARGETED_DEVICE_FAMILY = 1;
			};
			name = Debug;
		};
		53332BCB26C1565500F3A988 /* Release */ = {
			isa = XCBuildConfiguration;
			baseConfigurationReference = 7D2E9D3DB152133728F5B905 /* Pods-UberClone.release.xcconfig */;
			buildSettings = {
				ASSETCATALOG_COMPILER_APPICON_NAME = AppIcon;
				ASSETCATALOG_COMPILER_GLOBAL_ACCENT_COLOR_NAME = AccentColor;
				CODE_SIGN_STYLE = Automatic;
				DEVELOPMENT_TEAM = GR6GC7JSQ5;
				INFOPLIST_FILE = UberClone/Info.plist;
				LD_RUNPATH_SEARCH_PATHS = (
					"$(inherited)",
					"@executable_path/Frameworks",
				);
				PRODUCT_BUNDLE_IDENTIFIER = ru.svi.UberClone;
				PRODUCT_NAME = "$(TARGET_NAME)";
				SWIFT_VERSION = 5.0;
				TARGETED_DEVICE_FAMILY = 1;
			};
			name = Release;
		};
/* End XCBuildConfiguration section */

/* Begin XCConfigurationList section */
		53332BB026C1565300F3A988 /* Build configuration list for PBXProject "UberClone" */ = {
			isa = XCConfigurationList;
			buildConfigurations = (
				53332BC726C1565500F3A988 /* Debug */,
				53332BC826C1565500F3A988 /* Release */,
			);
			defaultConfigurationIsVisible = 0;
			defaultConfigurationName = Release;
		};
		53332BC926C1565500F3A988 /* Build configuration list for PBXNativeTarget "UberClone" */ = {
			isa = XCConfigurationList;
			buildConfigurations = (
				53332BCA26C1565500F3A988 /* Debug */,
				53332BCB26C1565500F3A988 /* Release */,
			);
			defaultConfigurationIsVisible = 0;
			defaultConfigurationName = Release;
		};
/* End XCConfigurationList section */
	};
	rootObject = 53332BAD26C1565300F3A988 /* Project object */;
}
